{
  "nodes": {
    "dinix": {
      "flake": false,
      "locked": {
        "lastModified": 1769166639,
        "narHash": "sha256-Xpqn3FuNYMKvCyJwOmdIY4WjFZd9TVGrjPtHsEZXkxU=",
        "owner": "lillecarl",
        "repo": "dinix",
        "rev": "383d944448f629813a691707b8b45ba78f4d2f6b",
        "type": "github"
      },
      "original": {
        "owner": "lillecarl",
        "repo": "dinix",
        "type": "github"
      }
    },
    "easykubenix": {
      "flake": false,
      "locked": {
        "lastModified": 1768833943,
        "narHash": "sha256-0JBmUnbMrDAo02kiW8F3zXz2yBquLdOK1RZE8sCYnQc=",
        "owner": "lillecarl",
        "repo": "easykubenix",
        "rev": "1cd24badac999c1487ed994464bdaeceed62bc52",
        "type": "github"
      },
      "original": {
        "owner": "lillecarl",
        "repo": "easykubenix",
        "type": "github"
      }
    },
    "flake-compatish": {
      "flake": false,
      "locked": {
        "lastModified": 1768889023,
        "narHash": "sha256-g1gcagOt283Mv51FSAy8YCPWosMjsW+icP4Vrt5/3jY=",
        "owner": "lillecarl",
        "repo": "flake-compatish",
        "rev": "c3accc4dfe4ae0b1311ae61d8d5431c87b5dcd84",
        "type": "github"
      },
      "original": {
        "owner": "lillecarl",
        "repo": "flake-compatish",
        "type": "github"
      }
    },
    "nixpkgs": {
      "locked": {
        "lastModified": 1769789167,
        "narHash": "sha256-kKB3bqYJU5nzYeIROI82Ef9VtTbu4uA3YydSk/Bioa8=",
        "owner": "NixOS",
        "repo": "nixpkgs",
        "rev": "62c8382960464ceb98ea593cb8321a2cf8f9e3e5",
        "type": "github"
      },
      "original": {
        "owner": "NixOS",
        "ref": "nixos-unstable",
        "repo": "nixpkgs",
        "type": "github"
      }
    },
    "root": {
      "inputs": {
        "dinix": "dinix",
        "easykubenix": "easykubenix",
        "flake-compatish": "flake-compatish",
        "nixpkgs": "nixpkgs",
        "treefmt-nix": "treefmt-nix"
      }
    },
    "treefmt-nix": {
      "inputs": {
        "nixpkgs": [
          "nixpkgs"
        ]
      },
      "locked": {
        "lastModified": 1769691507,
        "narHash": "sha256-8aAYwyVzSSwIhP2glDhw/G0i5+wOrren3v6WmxkVonM=",
        "owner": "numtide",
        "repo": "treefmt-nix",
        "rev": "28b19c5844cc6e2257801d43f2772a4b4c050a1b",
        "type": "github"
      },
      "original": {
        "owner": "numtide",
        "repo": "treefmt-nix",
        "type": "github"
      }
    }
  },
  "root": "root",
  "version": 7
}
