{
  "nodes": {
    "dinix": {
      "flake": false,
      "locked": {
        "lastModified": 1769166639,
        "narHash": "sha256-Xpqn3FuNYMKvCyJwOmdIY4WjFZd9TVGrjPtHsEZXkxU=",
        "owner": "lillecarl",
        "repo": "dinix",
        "rev": "383d944448f629813a691707b8b45ba78f4d2f6b",
        "type": "github"
      },
      "original": {
        "owner": "lillecarl",
        "repo": "dinix",
        "type": "github"
      }
    },
    "easykubenix": {
      "flake": false,
      "locked": {
        "lastModified": 1771374020,
        "narHash": "sha256-JTweNo2EimlhVUQcXUJD/2g+ZTumPcAbIp4EKuSERq0=",
        "owner": "lillecarl",
        "repo": "easykubenix",
        "rev": "88a025fc04889f25b702f79030c6220c3ec48f9b",
        "type": "github"
      },
      "original": {
        "owner": "lillecarl",
        "repo": "easykubenix",
        "type": "github"
      }
    },
    "flake-compatish": {
      "flake": false,
      "locked": {
        "lastModified": 1771176559,
        "narHash": "sha256-V07a8KsYGj8nvMuBfF7PO88Tzqg3LJjxuIasgR5Mx3o=",
        "owner": "lillecarl",
        "repo": "flake-compatish",
        "rev": "d8c944d4df613d47a3dc7b800c7531c33323c845",
        "type": "github"
      },
      "original": {
        "owner": "lillecarl",
        "repo": "flake-compatish",
        "type": "github"
      }
    },
    "nixpkgs": {
      "locked": {
        "lastModified": 1772963539,
        "narHash": "sha256-9jVDGZnvCckTGdYT53d/EfznygLskyLQXYwJLKMPsZs=",
        "owner": "NixOS",
        "repo": "nixpkgs",
        "rev": "9dcb002ca1690658be4a04645215baea8b95f31d",
        "type": "github"
      },
      "original": {
        "owner": "NixOS",
        "ref": "nixos-unstable",
        "repo": "nixpkgs",
        "type": "github"
      }
    },
    "root": {
      "inputs": {
        "dinix": "dinix",
        "easykubenix": "easykubenix",
        "flake-compatish": "flake-compatish",
        "nixpkgs": "nixpkgs",
        "treefmt-nix": "treefmt-nix"
      }
    },
    "treefmt-nix": {
      "inputs": {
        "nixpkgs": [
          "nixpkgs"
        ]
      },
      "locked": {
        "lastModified": 1772660329,
        "narHash": "sha256-IjU1FxYqm+VDe5qIOxoW+pISBlGvVApRjiw/Y/ttJzY=",
        "owner": "numtide",
        "repo": "treefmt-nix",
        "rev": "3710e0e1218041bbad640352a0440114b1e10428",
        "type": "github"
      },
      "original": {
        "owner": "numtide",
        "repo": "treefmt-nix",
        "type": "github"
      }
    }
  },
  "root": "root",
  "version": 7
}
